
Microsoft Visual Studio Solution File, Format Version 12.00
# Visual Studio Version 17
VisualStudioVersion = 17.4.33213.308
MinimumVisualStudioVersion = 10.0.40219.1
Project("{FAE04EC0-301F-11D3-BF4B-00C04F79EFBC}") = "Producer", "Producer\Producer.csproj", "{76E116A0-D3AC-4017-812F-93EC3B7F67DB}"
EndProject
Global
	GlobalSection(SolutionConfigurationPlatforms) = preSolution
		Debug|Any CPU = Debug|Any CPU
		Release|Any CPU = Release|Any CPU
	EndGlobalSection
	GlobalSection(ProjectConfigurationPlatforms) = postSolution
		{76E116A0-D3AC-4017-812F-93EC3B7F67DB}.Debug|Any CPU.ActiveCfg = Debug|Any CPU
		{76E116A0-D3AC-4017-812F-93EC3B7F67DB}.Debug|Any CPU.Build.0 = Debug|Any CPU
		{76E116A0-D3AC-4017-812F-93EC3B7F67DB}.Release|Any CPU.ActiveCfg = Release|Any CPU
		{76E116A0-D3AC-4017-812F-93EC3B7F67DB}.Release|Any CPU.Build.0 = Release|Any CPU
	EndGlobalSection
	GlobalSection(SolutionProperties) = preSolution
		HideSolutionNode = FALSE
	EndGlobalSection
	GlobalSection(ExtensibilityGlobals) = postSolution
		SolutionGuid = {216FE373-9DDC-44DE-AE43-8DE0DC5AF8CE}
	EndGlobalSection
EndGlobal
